winget-module-lock|1
module|Microsoft.WinGet.Client
version|1.29.280
package-url|https://www.powershellgallery.com/api/v2/package/Microsoft.WinGet.Client/1.29.280
package-sha256|726602001e6137efff66aa73c197c6ab6396ae2f9634d0adaada17ec5068ee46
manifest|Microsoft.WinGet.Client.psd1|c91ae7cd8ca44108abbbff56759a8b6538d9ce2d8d3e4553ef335a87548d3fe5
signature|Microsoft.WinGet.Client.psd1|Microsoft Corporation
signature|net8.0-windows10.0.26100.0/Microsoft.WinGet.Client.Cmdlets.dll|Microsoft Corporation
signature|net8.0-windows10.0.26100.0/DirectDependencies/Microsoft.WinGet.Client.Engine.dll|Microsoft Corporation
signature|net8.0-windows10.0.26100.0/SharedDependencies/x64/WindowsPackageManager.dll|Microsoft Corporation
file|Format.ps1xml|7a6bc5792948a7e4ed77eca54814609de278dcadc6b50ae247cdab0a0d59e8fd
file|Microsoft.WinGet.Client.Cmdlets.dll-Help.xml|dd9662069bdeb625a51b419765276e35d2e471150cc02cd9cdbfe775469c01e9
file|Microsoft.WinGet.Client.nuspec|3746813d4fbe44b7c90b891a3c85de6af2eee312574891e217fac0b9bbb57fa2
file|Microsoft.WinGet.Client.psd1|c91ae7cd8ca44108abbbff56759a8b6538d9ce2d8d3e4553ef335a87548d3fe5
file|NOTICE.txt|df2727a5905a6b80b79643f711969fc67643cd683a4280624786f3710663dba2
file|[Content_Types].xml|efe466e28a6b2b6699a563e8bed842a977dde66574db2e7fd0728dacfe64ab23
file|_rels/.rels|4aa64de99ff62486f1cc82286ed3848bf6dc1e346ea380feae44a60ecf96cc13
file|net48/DirectDependencies/Microsoft.WinGet.Client.Engine.dll|da4b05c7679877909133484528d1b65b9734e54d6c798cf938f61e8749e41cb3
file|net48/Microsoft.WinGet.Client.Cmdlets.dll|b814105ee7c8b56c4a1f6bcd34b7025ae0e106aed472f3d9ceb4838c5bddc5d7
file|net48/SharedDependencies/Microsoft.Win32.Registry.dll|e9a9d281c1a708aaae366f82fd6a1742f65da2918cc4fa5eaaaada0be24277d9
file|net48/SharedDependencies/Microsoft.WinGet.SharedLib.dll|8b7157959209c34b0bb1d73f0d968a293341a46a36fa17cdecc12797e7036ffd
file|net48/SharedDependencies/Newtonsoft.Json.dll|791d8eca86c688ef5c0da8a1aaf0178308cf5b47667760a5b0e5e1636e201878
file|net48/SharedDependencies/Octokit.dll|de54446297c36f68375aa84b94d90d8bacb70f5ec7faf02bf1179043f02b8c0e
file|net48/SharedDependencies/Semver.dll|9977f7fdc2aa9f035f10c16d31ccc0a170a2e5f3ef088a67bc92657a417008e1
file|net48/SharedDependencies/arm64/Microsoft.Management.Deployment.dll|9992d2897eaa29003179a14fa4d2879c7a919b3d9979f320e70592ac395587f7
file|net48/SharedDependencies/arm64/Microsoft.Management.Deployment.winmd|49f2d63f9beb81f59e7aa0065b6b1c5bf838d14924efdf98d9bbe218f1762d97
file|net48/SharedDependencies/arm64/WindowsPackageManager.dll|f6a4dfac34322e96169f728bb8deaafba3e4d2a6a44ed672d58ff28a3aa4447a
file|net48/SharedDependencies/arm64/winrtact.dll|a51f00223de1f8bb1abdc635529204a73a00782c577a57bded10de1c32cc409a
file|net48/SharedDependencies/x64/Microsoft.Management.Deployment.dll|5fb2cd842ebf51c1c7eff5f9ded61d0da86f1d64fe938f6c02e1d9aafb597fa0
file|net48/SharedDependencies/x64/Microsoft.Management.Deployment.winmd|31bfb20b8ea331494de5747efd6c9377d017ce13c0d4d1ae8cc77c915c2245a9
file|net48/SharedDependencies/x64/WindowsPackageManager.dll|74434365d1e639069d709a4f55aeabeb1174a775bcc66162d010a615608e0d6a
file|net48/SharedDependencies/x64/winrtact.dll|f4a40cd96004b05ca8f22958b996d3041a4722aa02f241c95180bb8434e7bab9
file|net48/SharedDependencies/x86/Microsoft.Management.Deployment.dll|552db70a60534cc7f4e2d0b64d30705417d1650475b48c5fb8cb335228c0b965
file|net48/SharedDependencies/x86/Microsoft.Management.Deployment.winmd|285ad0b9d54c4d1444175a567daa5bb98223a01654d9644a2b3561e763853577
file|net48/SharedDependencies/x86/WindowsPackageManager.dll|b3e1c6a3a1f8748cd7a72910bfbd22e980674fecd358a2fe0fb43a17cfdc75bf
file|net48/SharedDependencies/x86/winrtact.dll|3cdf314413855f842f1732a5964f08059deaa07992a1f088e7ca82734b0e9496
file|net8.0-windows10.0.26100.0/DirectDependencies/Microsoft.WinGet.Client.Engine.dll|77894b9f3f782805749312cb7c3b00196f2663014e844e7c01aed59df9d8a685
file|net8.0-windows10.0.26100.0/Microsoft.WinGet.Client.Cmdlets.dll|fcd521a571f9c8ad885b621ddf398ad63d74ed8a0e02b5ae3e4be2a898131d10
file|net8.0-windows10.0.26100.0/SharedDependencies/Microsoft.WinGet.SharedLib.dll|8b7157959209c34b0bb1d73f0d968a293341a46a36fa17cdecc12797e7036ffd
file|net8.0-windows10.0.26100.0/SharedDependencies/Newtonsoft.Json.dll|838964aa01fee538c26de78bd52deab6ac3c30406c5933cf452ef29845203d4f
file|net8.0-windows10.0.26100.0/SharedDependencies/Octokit.dll|de54446297c36f68375aa84b94d90d8bacb70f5ec7faf02bf1179043f02b8c0e
file|net8.0-windows10.0.26100.0/SharedDependencies/Semver.dll|d4601e5f6cebbb658673ed0d969f978739a53c5dd1a0eda18d092cebd18f2011
file|net8.0-windows10.0.26100.0/SharedDependencies/arm64/Microsoft.Management.Deployment.dll|9992d2897eaa29003179a14fa4d2879c7a919b3d9979f320e70592ac395587f7
file|net8.0-windows10.0.26100.0/SharedDependencies/arm64/Microsoft.Management.Deployment.winmd|49f2d63f9beb81f59e7aa0065b6b1c5bf838d14924efdf98d9bbe218f1762d97
file|net8.0-windows10.0.26100.0/SharedDependencies/arm64/WindowsPackageManager.dll|f6a4dfac34322e96169f728bb8deaafba3e4d2a6a44ed672d58ff28a3aa4447a
file|net8.0-windows10.0.26100.0/SharedDependencies/arm64/winrtact.dll|a51f00223de1f8bb1abdc635529204a73a00782c577a57bded10de1c32cc409a
file|net8.0-windows10.0.26100.0/SharedDependencies/x64/Microsoft.Management.Deployment.dll|5fb2cd842ebf51c1c7eff5f9ded61d0da86f1d64fe938f6c02e1d9aafb597fa0
file|net8.0-windows10.0.26100.0/SharedDependencies/x64/Microsoft.Management.Deployment.winmd|31bfb20b8ea331494de5747efd6c9377d017ce13c0d4d1ae8cc77c915c2245a9
file|net8.0-windows10.0.26100.0/SharedDependencies/x64/WindowsPackageManager.dll|74434365d1e639069d709a4f55aeabeb1174a775bcc66162d010a615608e0d6a
file|net8.0-windows10.0.26100.0/SharedDependencies/x64/winrtact.dll|f4a40cd96004b05ca8f22958b996d3041a4722aa02f241c95180bb8434e7bab9
file|net8.0-windows10.0.26100.0/SharedDependencies/x86/Microsoft.Management.Deployment.dll|552db70a60534cc7f4e2d0b64d30705417d1650475b48c5fb8cb335228c0b965
file|net8.0-windows10.0.26100.0/SharedDependencies/x86/Microsoft.Management.Deployment.winmd|285ad0b9d54c4d1444175a567daa5bb98223a01654d9644a2b3561e763853577
file|net8.0-windows10.0.26100.0/SharedDependencies/x86/WindowsPackageManager.dll|b3e1c6a3a1f8748cd7a72910bfbd22e980674fecd358a2fe0fb43a17cfdc75bf
file|net8.0-windows10.0.26100.0/SharedDependencies/x86/winrtact.dll|3cdf314413855f842f1732a5964f08059deaa07992a1f088e7ca82734b0e9496
file|package/services/metadata/core-properties/6bb4e5b75a8447e6bf8de517ff966d44.psmdcp|d4a3a8c13ba46421fb705f2beef72d6c9c9c677a0a83e313df0d24d0cfbe76ea
end-lock|
